{
  "version": "4",
  "specifiers": {
    "jsr:@std/encoding@^1.0.5": "1.0.5",
    "npm:devtools-protocol@^0.0.1383960": "0.0.1383960"
  },
  "jsr": {
    "@std/encoding@1.0.5": {
      "integrity": "ecf363d4fc25bd85bd915ff6733a7e79b67e0e7806334af15f4645c569fefc04"
    }
  },
  "npm": {
    "devtools-protocol@0.0.1383960": {
      "integrity": "sha512-sA4i8b6+DIfQNyRa7gwaEC7y/1itPIDJvurydi3In+qu9dZ37V4BpiNxl5ooIGzemxBsJDHTY0U7PXzOJhj5Ww=="
    }
  },
  "workspace": {
    "dependencies": [
      "jsr:@std/encoding@^1.0.5",
      "npm:devtools-protocol@^0.0.1383960"
    ]
  }
}
