{
  "version": "4",
  "specifiers": {
    "jsr:@std/encoding@^1.0.5": "1.0.5",
    "npm:devtools-protocol@^0.0.1383960": "0.0.1383960"
  },
  "jsr": {
    "@std/encoding@1.0.5": {
      "integrity": "ecf363d4fc25bd85bd915ff6733a7e79b67e0e7806334af15f4645c569fefc04"
    }
  },
  "npm": {
    "devtools-protocol@0.0.1383960": {
      "integrity": "sha512-sA4i8b6+DIfQNyRa7gwaEC7y/1itPIDJvurydi3In+qu9dZ37V4BpiNxl5ooIGzemxBsJDHTY0U7PXzOJhj5Ww=="
    }
  },
  "remote": {
    "https://deno.land/x/cbor@v1.6.0/decode.js": "c002b5c7abd716e6d57fe1127c674cc72a7cffc781ca20970db699e9a2bf7f38",
    "https://deno.land/x/cbor@v1.6.0/encode.js": "98be7aefb63f34da50dbb30a5a6d4648d05baa8effd85611fc73796ded7bc613",
    "https://deno.land/x/cbor@v1.6.0/index.js": "0f2b4bad3617f78ac582a0d62cb86a476dfb4ae36d772d89a36c237e5a18b17b",
    "https://deno.land/x/cbor@v1.6.0/iterators.js": "744e0469fe37c33bab3787608ced2f2cda014cb9352b3adbd949a2701f043aea"
  },
  "workspace": {
    "dependencies": [
      "jsr:@std/encoding@^1.0.5",
      "npm:devtools-protocol@^0.0.1383960"
    ]
  }
}
